// !$*UTF8*$!
{
	archiveVersion = 1;
	classes = {
	};
	objectVersion = 48;
	objects = {

/* Begin PBXBuildFile section */
		B58375D620319F4600D507E7 /* AppDelegate.swift in Sources */ = {isa = PBXBuildFile; fileRef = B58375D520319F4600D507E7 /* AppDelegate.swift */; };
		B58375D820319F4700D507E7 /* GameScene.sks in Resources */ = {isa = PBXBuildFile; fileRef = B58375D720319F4700D507E7 /* GameScene.sks */; };
		B58375DA20319F4700D507E7 /* Actions.sks in Resources */ = {isa = PBXBuildFile; fileRef = B58375D920319F4700D507E7 /* Actions.sks */; };
		B58375DC20319F4700D507E7 /* GameScene.swift in Sources */ = {isa = PBXBuildFile; fileRef = B58375DB20319F4700D507E7 /* GameScene.swift */; };
		B58375DE20319F4700D507E7 /* GameViewController.swift in Sources */ = {isa = PBXBuildFile; fileRef = B58375DD20319F4700D507E7 /* GameViewController.swift */; };
		B58375E120319F4700D507E7 /* Main.storyboard in Resources */ = {isa = PBXBuildFile; fileRef = B58375DF20319F4700D507E7 /* Main.storyboard */; };
		B58375E320319F4700D507E7 /* Assets.xcassets in Resources */ = {isa = PBXBuildFile; fileRef = B58375E220319F4700D507E7 /* Assets.xcassets */; };
		B58375E620319F4700D507E7 /* LaunchScreen.storyboard in Resources */ = {isa = PBXBuildFile; fileRef = B58375E420319F4700D507E7 /* LaunchScreen.storyboard */; };
		B58375F120319F4700D507E7 /* TestTests.swift in Sources */ = {isa = PBXBuildFile; fileRef = B58375F020319F4700D507E7 /* TestTests.swift */; };
		B58375FC20319F4700D507E7 /* TestUITests.swift in Sources */ = {isa = PBXBuildFile; fileRef = B58375FB20319F4700D507E7 /* TestUITests.swift */; };
/* End PBXBuildFile section */

/* Begin PBXContainerItemProxy section */
		B58375ED20319F4700D507E7 /* PBXContainerItemProxy */ = {
			isa = PBXContainerItemProxy;
			containerPortal = B58375CA20319F4600D507E7 /* Project object */;
			proxyType = 1;
			remoteGlobalIDString = B58375D120319F4600D507E7;
			remoteInfo = Test;
		};
		B58375F820319F4700D507E7 /* PBXContainerItemProxy */ = {
			isa = PBXContainerItemProxy;
			containerPortal = B58375CA20319F4600D507E7 /* Project object */;
			proxyType = 1;
			remoteGlobalIDString = B58375D120319F4600D507E7;
			remoteInfo = Test;
		};
/* End PBXContainerItemProxy section */

/* Begin PBXFileReference section */
		B58375D220319F4600D507E7 /* Test.app */ = {isa = PBXFileReference; explicitFileType = wrapper.application; includeInIndex = 0; path = Test.app; sourceTree = BUILT_PRODUCTS_DIR; };
		B58375D520319F4600D507E7 /* AppDelegate.swift */ = {isa = PBXFileReference; lastKnownFileType = sourcecode.swift; path = AppDelegate.swift; sourceTree = "<group>"; };
		B58375D720319F4700D507E7 /* GameScene.sks */ = {isa = PBXFileReference; lastKnownFileType = file.sks; path = GameScene.sks; sourceTree = "<group>"; };
		B58375D920319F4700D507E7 /* Actions.sks */ = {isa = PBXFileReference; lastKnownFileType = file.sks; path = Actions.sks; sourceTree = "<group>"; };
		B58375DB20319F4700D507E7 /* GameScene.swift */ = {isa = PBXFileReference; lastKnownFileType = sourcecode.swift; path = GameScene.swift; sourceTree = "<group>"; };
		B58375DD20319F4700D507E7 /* GameViewController.swift */ = {isa = PBXFileReference; lastKnownFileType = sourcecode.swift; path = GameViewController.swift; sourceTree = "<group>"; };
		B58375E020319F4700D507E7 /* Base */ = {isa = PBXFileReference; lastKnownFileType = file.storyboard; name = Base; path = Base.lproj/Main.storyboard; sourceTree = "<group>"; };
		B58375E220319F4700D507E7 /* Assets.xcassets */ = {isa = PBXFileReference; lastKnownFileType = folder.assetcatalog; path = Assets.xcassets; sourceTree = "<group>"; };
		B58375E520319F4700D507E7 /* Base */ = {isa = PBXFileReference; lastKnownFileType = file.storyboard; name = Base; path = Base.lproj/LaunchScreen.storyboard; sourceTree = "<group>"; };
		B58375E720319F4700D507E7 /* Info.plist */ = {isa = PBXFileReference; lastKnownFileType = text.plist.xml; path = Info.plist; sourceTree = "<group>"; };
		B58375EC20319F4700D507E7 /* TestTests.xctest */ = {isa = PBXFileReference; explicitFileType = wrapper.cfbundle; includeInIndex = 0; path = TestTests.xctest; sourceTree = BUILT_PRODUCTS_DIR; };
		B58375F020319F4700D507E7 /* TestTests.swift */ = {isa = PBXFileReference; lastKnownFileType = sourcecode.swift; path = TestTests.swift; sourceTree = "<group>"; };
		B58375F220319F4700D507E7 /* Info.plist */ = {isa = PBXFileReference; lastKnownFileType = text.plist.xml; path = Info.plist; sourceTree = "<group>"; };
		B58375F720319F4700D507E7 /* TestUITests.xctest */ = {isa = PBXFileReference; explicitFileType = wrapper.cfbundle; includeInIndex = 0; path = TestUITests.xctest; sourceTree = BUILT_PRODUCTS_DIR; };
		B58375FB20319F4700D507E7 /* TestUITests.swift */ = {isa = PBXFileReference; lastKnownFileType = sourcecode.swift; path = TestUITests.swift; sourceTree = "<group>"; };
		B58375FD20319F4700D507E7 /* Info.plist */ = {isa = PBXFileReference; lastKnownFileType = text.plist.xml; path = Info.plist; sourceTree = "<group>"; };
/* End PBXFileReference section */

/* Begin PBXFrameworksBuildPhase section */
		B58375CF20319F4600D507E7 /* Frameworks */ = {
			isa = PBXFrameworksBuildPhase;
			buildActionMask = 2147483647;
			files = (
			);
			runOnlyForDeploymentPostprocessing = 0;
		};
		B58375E920319F4700D507E7 /* Frameworks */ = {
			isa = PBXFrameworksBuildPhase;
			buildActionMask = 2147483647;
			files = (
			);
			runOnlyForDeploymentPostprocessing = 0;
		};
		B58375F420319F4700D507E7 /* Frameworks */ = {
			isa = PBXFrameworksBuildPhase;
			buildActionMask = 2147483647;
			files = (
			);
			runOnlyForDeploymentPostprocessing = 0;
		};
/* End PBXFrameworksBuildPhase section */

/* Begin PBXGroup section */
		B58375C920319F4600D507E7 = {
			isa = PBXGroup;
			children = (
				B58375D420319F4600D507E7 /* Test */,
				B58375EF20319F4700D507E7 /* TestTests */,
				B58375FA20319F4700D507E7 /* TestUITests */,
				B58375D320319F4600D507E7 /* Products */,
			);
			sourceTree = "<group>";
		};
		B58375D320319F4600D507E7 /* Products */ = {
			isa = PBXGroup;
			children = (
				B58375D220319F4600D507E7 /* Test.app */,
				B58375EC20319F4700D507E7 /* TestTests.xctest */,
				B58375F720319F4700D507E7 /* TestUITests.xctest */,
			);
			name = Products;
			sourceTree = "<group>";
		};
		B58375D420319F4600D507E7 /* Test */ = {
			isa = PBXGroup;
			children = (
				B58375D520319F4600D507E7 /* AppDelegate.swift */,
				B58375D720319F4700D507E7 /* GameScene.sks */,
				B58375D920319F4700D507E7 /* Actions.sks */,
				B58375DB20319F4700D507E7 /* GameScene.swift */,
				B58375DD20319F4700D507E7 /* GameViewController.swift */,
				B58375DF20319F4700D507E7 /* Main.storyboard */,
				B58375E220319F4700D507E7 /* Assets.xcassets */,
				B58375E420319F4700D507E7 /* LaunchScreen.storyboard */,
				B58375E720319F4700D507E7 /* Info.plist */,
			);
			path = Test;
			sourceTree = "<group>";
		};
		B58375EF20319F4700D507E7 /* TestTests */ = {
			isa = PBXGroup;
			children = (
				B58375F020319F4700D507E7 /* TestTests.swift */,
				B58375F220319F4700D507E7 /* Info.plist */,
			);
			path = TestTests;
			sourceTree = "<group>";
		};
		B58375FA20319F4700D507E7 /* TestUITests */ = {
			isa = PBXGroup;
			children = (
				B58375FB20319F4700D507E7 /* TestUITests.swift */,
				B58375FD20319F4700D507E7 /* Info.plist */,
			);
			path = TestUITests;
			sourceTree = "<group>";
		};
/* End PBXGroup section */

/* Begin PBXNativeTarget section */
		B58375D120319F4600D507E7 /* Test */ = {
			isa = PBXNativeTarget;
			buildConfigurationList = B583760020319F4700D507E7 /* Build configuration list for PBXNativeTarget "Test" */;
			buildPhases = (
				B58375CE20319F4600D507E7 /* Sources */,
				B58375CF20319F4600D507E7 /* Frameworks */,
				B58375D020319F4600D507E7 /* Resources */,
			);
			buildRules = (
			);
			dependencies = (
			);
			name = Test;
			productName = Test;
			productReference = B58375D220319F4600D507E7 /* Test.app */;
			productType = "com.apple.product-type.application";
		};
		B58375EB20319F4700D507E7 /* TestTests */ = {
			isa = PBXNativeTarget;
			buildConfigurationList = B583760320319F4700D507E7 /* Build configuration list for PBXNativeTarget "TestTests" */;
			buildPhases = (
				B58375E820319F4700D507E7 /* Sources */,
				B58375E920319F4700D507E7 /* Frameworks */,
				B58375EA20319F4700D507E7 /* Resources */,
			);
			buildRules = (
			);
			dependencies = (
				B58375EE20319F4700D507E7 /* PBXTargetDependency */,
			);
			name = TestTests;
			productName = TestTests;
			productReference = B58375EC20319F4700D507E7 /* TestTests.xctest */;
			productType = "com.apple.product-type.bundle.unit-test";
		};
		B58375F620319F4700D507E7 /* TestUITests */ = {
			isa = PBXNativeTarget;
			buildConfigurationList = B583760620319F4700D507E7 /* Build configuration list for PBXNativeTarget "TestUITests" */;
			buildPhases = (
				B58375F320319F4700D507E7 /* Sources */,
				B58375F420319F4700D507E7 /* Frameworks */,
				B58375F520319F4700D507E7 /* Resources */,
			);
			buildRules = (
			);
			dependencies = (
				B58375F920319F4700D507E7 /* PBXTargetDependency */,
			);
			name = TestUITests;
			productName = TestUITests;
			productReference = B58375F720319F4700D507E7 /* TestUITests.xctest */;
			productType = "com.apple.product-type.bundle.ui-testing";
		};
/* End PBXNativeTarget section */

/* Begin PBXProject section */
		B58375CA20319F4600D507E7 /* Project object */ = {
			isa = PBXProject;
			attributes = {
				LastSwiftUpdateCheck = 0920;
				LastUpgradeCheck = 0920;
				ORGANIZATIONNAME = sabarulla;
				TargetAttributes = {
					B58375D120319F4600D507E7 = {
						CreatedOnToolsVersion = 9.2;
						ProvisioningStyle = Automatic;
					};
					B58375EB20319F4700D507E7 = {
						CreatedOnToolsVersion = 9.2;
						ProvisioningStyle = Automatic;
						TestTargetID = B58375D120319F4600D507E7;
					};
					B58375F620319F4700D507E7 = {
						CreatedOnToolsVersion = 9.2;
						ProvisioningStyle = Automatic;
						TestTargetID = B58375D120319F4600D507E7;
					};
				};
			};
			buildConfigurationList = B58375CD20319F4600D507E7 /* Build configuration list for PBXProject "Test" */;
			compatibilityVersion = "Xcode 8.0";
			developmentRegion = en;
			hasScannedForEncodings = 0;
			knownRegions = (
				en,
				Base,
			);
			mainGroup = B58375C920319F4600D507E7;
			productRefGroup = B58375D320319F4600D507E7 /* Products */;
			projectDirPath = "";
			projectRoot = "";
			targets = (
				B58375D120319F4600D507E7 /* Test */,
				B58375EB20319F4700D507E7 /* TestTests */,
				B58375F620319F4700D507E7 /* TestUITests */,
			);
		};
/* End PBXProject section */

/* Begin PBXResourcesBuildPhase section */
		B58375D020319F4600D507E7 /* Resources */ = {
			isa = PBXResourcesBuildPhase;
			buildActionMask = 2147483647;
			files = (
				B58375E120319F4700D507E7 /* Main.storyboard in Resources */,
				B58375D820319F4700D507E7 /* GameScene.sks in Resources */,
				B58375E320319F4700D507E7 /* Assets.xcassets in Resources */,
				B58375E620319F4700D507E7 /* LaunchScreen.storyboard in Resources */,
				B58375DA20319F4700D507E7 /* Actions.sks in Resources */,
			);
			runOnlyForDeploymentPostprocessing = 0;
		};
		B58375EA20319F4700D507E7 /* Resources */ = {
			isa = PBXResourcesBuildPhase;
			buildActionMask = 2147483647;
			files = (
			);
			runOnlyForDeploymentPostprocessing = 0;
		};
		B58375F520319F4700D507E7 /* Resources */ = {
			isa = PBXResourcesBuildPhase;
			buildActionMask = 2147483647;
			files = (
			);
			runOnlyForDeploymentPostprocessing = 0;
		};
/* End PBXResourcesBuildPhase section */

/* Begin PBXSourcesBuildPhase section */
		B58375CE20319F4600D507E7 /* Sources */ = {
			isa = PBXSourcesBuildPhase;
			buildActionMask = 2147483647;
			files = (
				B58375DC20319F4700D507E7 /* GameScene.swift in Sources */,
				B58375DE20319F4700D507E7 /* GameViewController.swift in Sources */,
				B58375D620319F4600D507E7 /* AppDelegate.swift in Sources */,
			);
			runOnlyForDeploymentPostprocessing = 0;
		};
		B58375E820319F4700D507E7 /* Sources */ = {
			isa = PBXSourcesBuildPhase;
			buildActionMask = 2147483647;
			files = (
				B58375F120319F4700D507E7 /* TestTests.swift in Sources */,
			);
			runOnlyForDeploymentPostprocessing = 0;
		};
		B58375F320319F4700D507E7 /* Sources */ = {
			isa = PBXSourcesBuildPhase;
			buildActionMask = 2147483647;
			files = (
				B58375FC20319F4700D507E7 /* TestUITests.swift in Sources */,
			);
			runOnlyForDeploymentPostprocessing = 0;
		};
/* End PBXSourcesBuildPhase section */

/* Begin PBXTargetDependency section */
		B58375EE20319F4700D507E7 /* PBXTargetDependency */ = {
			isa = PBXTargetDependency;
			target = B58375D120319F4600D507E7 /* Test */;
			targetProxy = B58375ED20319F4700D507E7 /* PBXContainerItemProxy */;
		};
		B58375F920319F4700D507E7 /* PBXTargetDependency */ = {
			isa = PBXTargetDependency;
			target = B58375D120319F4600D507E7 /* Test */;
			targetProxy = B58375F820319F4700D507E7 /* PBXContainerItemProxy */;
		};
/* End PBXTargetDependency section */

/* Begin PBXVariantGroup section */
		B58375DF20319F4700D507E7 /* Main.storyboard */ = {
			isa = PBXVariantGroup;
			children = (
				B58375E020319F4700D507E7 /* Base */,
			);
			name = Main.storyboard;
			sourceTree = "<group>";
		};
		B58375E420319F4700D507E7 /* LaunchScreen.storyboard */ = {
			isa = PBXVariantGroup;
			children = (
				B58375E520319F4700D507E7 /* Base */,
			);
			name = LaunchScreen.storyboard;
			sourceTree = "<group>";
		};
/* End PBXVariantGroup section */

/* Begin XCBuildConfiguration section */
		B58375FE20319F4700D507E7 /* Debug */ = {
			isa = XCBuildConfiguration;
			buildSettings = {
				ALWAYS_SEARCH_USER_PATHS = NO;
				CLANG_ANALYZER_NONNULL = YES;
				CLANG_ANALYZER_NUMBER_OBJECT_CONVERSION = YES_AGGRESSIVE;
				CLANG_CXX_LANGUAGE_STANDARD = "gnu++14";
				CLANG_CXX_LIBRARY = "libc++";
				CLANG_ENABLE_MODULES = YES;
				CLANG_ENABLE_OBJC_ARC = YES;
				CLANG_WARN_BLOCK_CAPTURE_AUTORELEASING = YES;
				CLANG_WARN_BOOL_CONVERSION = YES;
				CLANG_WARN_COMMA = YES;
				CLANG_WARN_CONSTANT_CONVERSION = YES;
				CLANG_WARN_DIRECT_OBJC_ISA_USAGE = YES_ERROR;
				CLANG_WARN_DOCUMENTATION_COMMENTS = YES;
				CLANG_WARN_EMPTY_BODY = YES;
				CLANG_WARN_ENUM_CONVERSION = YES;
				CLANG_WARN_INFINITE_RECURSION = YES;
				CLANG_WARN_INT_CONVERSION = YES;
				CLANG_WARN_NON_LITERAL_NULL_CONVERSION = YES;
				CLANG_WARN_OBJC_LITERAL_CONVERSION = YES;
				CLANG_WARN_OBJC_ROOT_CLASS = YES_ERROR;
				CLANG_WARN_RANGE_LOOP_ANALYSIS = YES;
				CLANG_WARN_STRICT_PROTOTYPES = YES;
				CLANG_WARN_SUSPICIOUS_MOVE = YES;
				CLANG_WARN_UNGUARDED_AVAILABILITY = YES_AGGRESSIVE;
				CLANG_WARN_UNREACHABLE_CODE = YES;
				CLANG_WARN__DUPLICATE_METHOD_MATCH = YES;
				CODE_SIGN_IDENTITY = "iPhone Developer";
				COPY_PHASE_STRIP = NO;
				DEBUG_INFORMATION_FORMAT = dwarf;
				ENABLE_STRICT_OBJC_MSGSEND = YES;
				ENABLE_TESTABILITY = YES;
				GCC_C_LANGUAGE_STANDARD = gnu11;
				GCC_DYNAMIC_NO_PIC = NO;
				GCC_NO_COMMON_BLOCKS = YES;
				GCC_OPTIMIZATION_LEVEL = 0;
				GCC_PREPROCESSOR_DEFINITIONS = (
					"DEBUG=1",
					"$(inherited)",
				);
				GCC_WARN_64_TO_32_BIT_CONVERSION = YES;
				GCC_WARN_ABOUT_RETURN_TYPE = YES_ERROR;
				GCC_WARN_UNDECLARED_SELECTOR = YES;
				GCC_WARN_UNINITIALIZED_AUTOS = YES_AGGRESSIVE;
				GCC_WARN_UNUSED_FUNCTION = YES;
				GCC_WARN_UNUSED_VARIABLE = YES;
				IPHONEOS_DEPLOYMENT_TARGET = 11.2;
				MTL_ENABLE_DEBUG_INFO = YES;
				ONLY_ACTIVE_ARCH = YES;
				SDKROOT = iphoneos;
				SWIFT_ACTIVE_COMPILATION_CONDITIONS = DEBUG;
				SWIFT_OPTIMIZATION_LEVEL = "-Onone";
			};
			name = Debug;
		};
		B58375FF20319F4700D507E7 /* Release */ = {
			isa = XCBuildConfiguration;
			buildSettings = {
				ALWAYS_SEARCH_USER_PATHS = NO;
				CLANG_ANALYZER_NONNULL = YES;
				CLANG_ANALYZER_NUMBER_OBJECT_CONVERSION = YES_AGGRESSIVE;
				CLANG_CXX_LANGUAGE_STANDARD = "gnu++14";
				CLANG_CXX_LIBRARY = "libc++";
				CLANG_ENABLE_MODULES = YES;
				CLANG_ENABLE_OBJC_ARC = YES;
				CLANG_WARN_BLOCK_CAPTURE_AUTORELEASING = YES;
				CLANG_WARN_BOOL_CONVERSION = YES;
				CLANG_WARN_COMMA = YES;
				CLANG_WARN_CONSTANT_CONVERSION = YES;
				CLANG_WARN_DIRECT_OBJC_ISA_USAGE = YES_ERROR;
				CLANG_WARN_DOCUMENTATION_COMMENTS = YES;
				CLANG_WARN_EMPTY_BODY = YES;
				CLANG_WARN_ENUM_CONVERSION = YES;
				CLANG_WARN_INFINITE_RECURSION = YES;
				CLANG_WARN_INT_CONVERSION = YES;
				CLANG_WARN_NON_LITERAL_NULL_CONVERSION = YES;
				CLANG_WARN_OBJC_LITERAL_CONVERSION = YES;
				CLANG_WARN_OBJC_ROOT_CLASS = YES_ERROR;
				CLANG_WARN_RANGE_LOOP_ANALYSIS = YES;
				CLANG_WARN_STRICT_PROTOTYPES = YES;
				CLANG_WARN_SUSPICIOUS_MOVE = YES;
				CLANG_WARN_UNGUARDED_AVAILABILITY = YES_AGGRESSIVE;
				CLANG_WARN_UNREACHABLE_CODE = YES;
				CLANG_WARN__DUPLICATE_METHOD_MATCH = YES;
				CODE_SIGN_IDENTITY = "iPhone Developer";
				COPY_PHASE_STRIP = NO;
				DEBUG_INFORMATION_FORMAT = "dwarf-with-dsym";
				ENABLE_NS_ASSERTIONS = NO;
				ENABLE_STRICT_OBJC_MSGSEND = YES;
				GCC_C_LANGUAGE_STANDARD = gnu11;
				GCC_NO_COMMON_BLOCKS = YES;
				GCC_WARN_64_TO_32_BIT_CONVERSION = YES;
				GCC_WARN_ABOUT_RETURN_TYPE = YES_ERROR;
				GCC_WARN_UNDECLARED_SELECTOR = YES;
				GCC_WARN_UNINITIALIZED_AUTOS = YES_AGGRESSIVE;
				GCC_WARN_UNUSED_FUNCTION = YES;
				GCC_WARN_UNUSED_VARIABLE = YES;
				IPHONEOS_DEPLOYMENT_TARGET = 11.2;
				MTL_ENABLE_DEBUG_INFO = NO;
				SDKROOT = iphoneos;
				SWIFT_OPTIMIZATION_LEVEL = "-Owholemodule";
				VALIDATE_PRODUCT = YES;
			};
			name = Release;
		};
		B583760120319F4700D507E7 /* Debug */ = {
			isa = XCBuildConfiguration;
			buildSettings = {
				ASSETCATALOG_COMPILER_APPICON_NAME = AppIcon;
				CODE_SIGN_STYLE = Automatic;
				INFOPLIST_FILE = Test/Info.plist;
				LD_RUNPATH_SEARCH_PATHS = "$(inherited) @executable_path/Frameworks";
				PRODUCT_BUNDLE_IDENTIFIER = com.purplesoft.Test;
				PRODUCT_NAME = "$(TARGET_NAME)";
				SWIFT_VERSION = 4.0;
				TARGETED_DEVICE_FAMILY = "1,2";
			};
			name = Debug;
		};
		B583760220319F4700D507E7 /* Release */ = {
			isa = XCBuildConfiguration;
			buildSettings = {
				ASSETCATALOG_COMPILER_APPICON_NAME = AppIcon;
				CODE_SIGN_STYLE = Automatic;
				INFOPLIST_FILE = Test/Info.plist;
				LD_RUNPATH_SEARCH_PATHS = "$(inherited) @executable_path/Frameworks";
				PRODUCT_BUNDLE_IDENTIFIER = com.purplesoft.Test;
				PRODUCT_NAME = "$(TARGET_NAME)";
				SWIFT_VERSION = 4.0;
				TARGETED_DEVICE_FAMILY = "1,2";
			};
			name = Release;
		};
		B583760420319F4700D507E7 /* Debug */ = {
			isa = XCBuildConfiguration;
			buildSettings = {
				ALWAYS_EMBED_SWIFT_STANDARD_LIBRARIES = YES;
				BUNDLE_LOADER = "$(TEST_HOST)";
				CODE_SIGN_STYLE = Automatic;
				INFOPLIST_FILE = TestTests/Info.plist;
				LD_RUNPATH_SEARCH_PATHS = "$(inherited) @executable_path/Frameworks @loader_path/Frameworks";
				PRODUCT_BUNDLE_IDENTIFIER = com.purplesoft.TestTests;
				PRODUCT_NAME = "$(TARGET_NAME)";
				SWIFT_VERSION = 4.0;
				TARGETED_DEVICE_FAMILY = "1,2";
				TEST_HOST = "$(BUILT_PRODUCTS_DIR)/Test.app/Test";
			};
			name = Debug;
		};
		B583760520319F4700D507E7 /* Release */ = {
			isa = XCBuildConfiguration;
			buildSettings = {
				ALWAYS_EMBED_SWIFT_STANDARD_LIBRARIES = YES;
				BUNDLE_LOADER = "$(TEST_HOST)";
				CODE_SIGN_STYLE = Automatic;
				INFOPLIST_FILE = TestTests/Info.plist;
				LD_RUNPATH_SEARCH_PATHS = "$(inherited) @executable_path/Frameworks @loader_path/Frameworks";
				PRODUCT_BUNDLE_IDENTIFIER = com.purplesoft.TestTests;
				PRODUCT_NAME = "$(TARGET_NAME)";
				SWIFT_VERSION = 4.0;
				TARGETED_DEVICE_FAMILY = "1,2";
				TEST_HOST = "$(BUILT_PRODUCTS_DIR)/Test.app/Test";
			};
			name = Release;
		};
		B583760720319F4700D507E7 /* Debug */ = {
			isa = XCBuildConfiguration;
			buildSettings = {
				ALWAYS_EMBED_SWIFT_STANDARD_LIBRARIES = YES;
				CODE_SIGN_STYLE = Automatic;
				INFOPLIST_FILE = TestUITests/Info.plist;
				LD_RUNPATH_SEARCH_PATHS = "$(inherited) @executable_path/Frameworks @loader_path/Frameworks";
				PRODUCT_BUNDLE_IDENTIFIER = com.purplesoft.TestUITests;
				PRODUCT_NAME = "$(TARGET_NAME)";
				SWIFT_VERSION = 4.0;
				TARGETED_DEVICE_FAMILY = "1,2";
				TEST_TARGET_NAME = Test;
			};
			name = Debug;
		};
		B583760820319F4700D507E7 /* Release */ = {
			isa = XCBuildConfiguration;
			buildSettings = {
				ALWAYS_EMBED_SWIFT_STANDARD_LIBRARIES = YES;
				CODE_SIGN_STYLE = Automatic;
				INFOPLIST_FILE = TestUITests/Info.plist;
				LD_RUNPATH_SEARCH_PATHS = "$(inherited) @executable_path/Frameworks @loader_path/Frameworks";
				PRODUCT_BUNDLE_IDENTIFIER = com.purplesoft.TestUITests;
				PRODUCT_NAME = "$(TARGET_NAME)";
				SWIFT_VERSION = 4.0;
				TARGETED_DEVICE_FAMILY = "1,2";
				TEST_TARGET_NAME = Test;
			};
			name = Release;
		};
/* End XCBuildConfiguration section */

/* Begin XCConfigurationList section */
		B58375CD20319F4600D507E7 /* Build configuration list for PBXProject "Test" */ = {
			isa = XCConfigurationList;
			buildConfigurations = (
				B58375FE20319F4700D507E7 /* Debug */,
				B58375FF20319F4700D507E7 /* Release */,
			);
			defaultConfigurationIsVisible = 0;
			defaultConfigurationName = Release;
		};
		B583760020319F4700D507E7 /* Build configuration list for PBXNativeTarget "Test" */ = {
			isa = XCConfigurationList;
			buildConfigurations = (
				B583760120319F4700D507E7 /* Debug */,
				B583760220319F4700D507E7 /* Release */,
			);
			defaultConfigurationIsVisible = 0;
			defaultConfigurationName = Release;
		};
		B583760320319F4700D507E7 /* Build configuration list for PBXNativeTarget "TestTests" */ = {
			isa = XCConfigurationList;
			buildConfigurations = (
				B583760420319F4700D507E7 /* Debug */,
				B583760520319F4700D507E7 /* Release */,
			);
			defaultConfigurationIsVisible = 0;
			defaultConfigurationName = Release;
		};
		B583760620319F4700D507E7 /* Build configuration list for PBXNativeTarget "TestUITests" */ = {
			isa = XCConfigurationList;
			buildConfigurations = (
				B583760720319F4700D507E7 /* Debug */,
				B583760820319F4700D507E7 /* Release */,
			);
			defaultConfigurationIsVisible = 0;
			defaultConfigurationName = Release;
		};
/* End XCConfigurationList section */
	};
	rootObject = B58375CA20319F4600D507E7 /* Project object */;
}
